
Microsoft Visual Studio Solution File, Format Version 12.00
# Visual Studio 15
Project("{FAE04EC0-301F-11D3-BF4B-00C04F79EFBC}") = "Assembly-CSharp", "Assembly-CSharp.csproj", "{6BD08826-4966-9A7E-764A-0BF030C4338D}"
EndProject
Project("{FAE04EC0-301F-11D3-BF4B-00C04F79EFBC}") = "Assembly-CSharp-firstpass", "Assembly-CSharp-firstpass.csproj", "{CDC7E42C-0F75-98BE-1792-322E44B13C08}"
EndProject
Project("{FAE04EC0-301F-11D3-BF4B-00C04F79EFBC}") = "Assembly-CSharp-Editor-firstpass", "Assembly-CSharp-Editor-firstpass.csproj", "{633063EC-83A5-BF40-EA67-7C773E3CAF87}"
EndProject
Global
	GlobalSection(SolutionConfigurationPlatforms) = preSolution
		Debug|Any CPU = Debug|Any CPU
		Release|Any CPU = Release|Any CPU
	EndGlobalSection
	GlobalSection(ProjectConfigurationPlatforms) = postSolution
		{6BD08826-4966-9A7E-764A-0BF030C4338D}.Debug|Any CPU.ActiveCfg = Debug|Any CPU
		{6BD08826-4966-9A7E-764A-0BF030C4338D}.Debug|Any CPU.Build.0 = Debug|Any CPU
		{6BD08826-4966-9A7E-764A-0BF030C4338D}.Release|Any CPU.ActiveCfg = Release|Any CPU
		{6BD08826-4966-9A7E-764A-0BF030C4338D}.Release|Any CPU.Build.0 = Release|Any CPU
		{CDC7E42C-0F75-98BE-1792-322E44B13C08}.Debug|Any CPU.ActiveCfg = Debug|Any CPU
		{CDC7E42C-0F75-98BE-1792-322E44B13C08}.Debug|Any CPU.Build.0 = Debug|Any CPU
		{CDC7E42C-0F75-98BE-1792-322E44B13C08}.Release|Any CPU.ActiveCfg = Release|Any CPU
		{CDC7E42C-0F75-98BE-1792-322E44B13C08}.Release|Any CPU.Build.0 = Release|Any CPU
		{633063EC-83A5-BF40-EA67-7C773E3CAF87}.Debug|Any CPU.ActiveCfg = Debug|Any CPU
		{633063EC-83A5-BF40-EA67-7C773E3CAF87}.Debug|Any CPU.Build.0 = Debug|Any CPU
		{633063EC-83A5-BF40-EA67-7C773E3CAF87}.Release|Any CPU.ActiveCfg = Release|Any CPU
		{633063EC-83A5-BF40-EA67-7C773E3CAF87}.Release|Any CPU.Build.0 = Release|Any CPU
	EndGlobalSection
	GlobalSection(SolutionProperties) = preSolution
		HideSolutionNode = FALSE
	EndGlobalSection
EndGlobal
